
Microsoft Visual Studio Solution File, Format Version 12.00
# Visual Studio Version 17
VisualStudioVersion = 17.5.33530.505
MinimumVisualStudioVersion = 10.0.40219.1
Project("{FAE04EC0-301F-11D3-BF4B-00C04F79EFBC}") = "Desafio-Arquivo", "Desafio-Arquivo.csproj", "{5105E78E-B9ED-4DCF-919B-7F1B9CC8E097}"
EndProject
Global
	GlobalSection(SolutionConfigurationPlatforms) = preSolution
		Debug|Any CPU = Debug|Any CPU
		Release|Any CPU = Release|Any CPU
	EndGlobalSection
	GlobalSection(ProjectConfigurationPlatforms) = postSolution
		{5105E78E-B9ED-4DCF-919B-7F1B9CC8E097}.Debug|Any CPU.ActiveCfg = Debug|Any CPU
		{5105E78E-B9ED-4DCF-919B-7F1B9CC8E097}.Debug|Any CPU.Build.0 = Debug|Any CPU
		{5105E78E-B9ED-4DCF-919B-7F1B9CC8E097}.Release|Any CPU.ActiveCfg = Release|Any CPU
		{5105E78E-B9ED-4DCF-919B-7F1B9CC8E097}.Release|Any CPU.Build.0 = Release|Any CPU
	EndGlobalSection
	GlobalSection(SolutionProperties) = preSolution
		HideSolutionNode = FALSE
	EndGlobalSection
	GlobalSection(ExtensibilityGlobals) = postSolution
		SolutionGuid = {635D9C84-7A15-40C3-8A84-893AF7A7D97F}
	EndGlobalSection
EndGlobal
